# This file is automatically @generated by Poetry and should not be changed by hand.

[[package]]
name = "pyfiglet"
version = "0.8.post1"
description = "Pure-python FIGlet implementation"
category = "main"
optional = false
python-versions = "*"
files = [
    {file = "pyfiglet-0.8.post1-py2.py3-none-any.whl", hash = "sha256:d555bcea17fbeaf70eaefa48bb119352487e629c9b56f30f383e2c62dd67a01c"},
    {file = "pyfiglet-0.8.post1.tar.gz", hash = "sha256:c6c2321755d09267b438ec7b936825a4910fec696292139e664ca8670e103639"},
]

[metadata]
lock-version = "2.0"
python-versions = "^3.11"
content-hash = "f72a0bf53f693600b240bf57d434e9a37815e26d3d2953974c6dbbdab73b74ec"
