# This file is automatically @generated by Poetry and should not be changed by hand.

[[package]]
name = "pdftotext"
version = "2.2.2"
description = "Simple PDF text extraction"
category = "main"
optional = false
python-versions = "*"
files = [
    {file = "pdftotext-2.2.2.tar.gz", hash = "sha256:2a9aa89bc62022408781b39d188fabf5a3ad1103b6630f32c4e27e395f7966ee"},
]

[[package]]
name = "pyfiglet"
version = "0.8.post1"
description = "Pure-python FIGlet implementation"
category = "main"
optional = false
python-versions = "*"
files = [
    {file = "pyfiglet-0.8.post1-py2.py3-none-any.whl", hash = "sha256:d555bcea17fbeaf70eaefa48bb119352487e629c9b56f30f383e2c62dd67a01c"},
    {file = "pyfiglet-0.8.post1.tar.gz", hash = "sha256:c6c2321755d09267b438ec7b936825a4910fec696292139e664ca8670e103639"},
]

[[package]]
name = "urwid"
version = "2.1.2"
description = "A full-featured console (xterm et al.) user interface library"
category = "main"
optional = false
python-versions = "*"
files = [
    {file = "urwid-2.1.2.tar.gz", hash = "sha256:588bee9c1cb208d0906a9f73c613d2bd32c3ed3702012f51efe318a3f2127eae"},
]

[metadata]
lock-version = "2.0"
python-versions = "^3.11"
content-hash = "3d6e094bb794a44fb9fcdf6baab11723765f69bcafdf7e7cadfc58db48a7284b"
